
Microsoft Visual Studio Solution File, Format Version 12.00
# Visual Studio Version 16
VisualStudioVersion = 16.0.30621.155
MinimumVisualStudioVersion = 10.0.40219.1
Project("{8BC9CEB8-8B4A-11D0-8D11-00A0C91BC942}") = "aisd-kurs", "aisd-kurs.vcxproj", "{EFC61CC8-EC94-4390-A302-654E3B7F0EE5}"
EndProject
Global
	GlobalSection(SolutionConfigurationPlatforms) = preSolution
		Debug|x64 = Debug|x64
		Debug|x86 = Debug|x86
		Release|x64 = Release|x64
		Release|x86 = Release|x86
	EndGlobalSection
	GlobalSection(ProjectConfigurationPlatforms) = postSolution
		{EFC61CC8-EC94-4390-A302-654E3B7F0EE5}.Debug|x64.ActiveCfg = Debug|x64
		{EFC61CC8-EC94-4390-A302-654E3B7F0EE5}.Debug|x64.Build.0 = Debug|x64
		{EFC61CC8-EC94-4390-A302-654E3B7F0EE5}.Debug|x86.ActiveCfg = Debug|Win32
		{EFC61CC8-EC94-4390-A302-654E3B7F0EE5}.Debug|x86.Build.0 = Debug|Win32
		{EFC61CC8-EC94-4390-A302-654E3B7F0EE5}.Release|x64.ActiveCfg = Release|x64
		{EFC61CC8-EC94-4390-A302-654E3B7F0EE5}.Release|x64.Build.0 = Release|x64
		{EFC61CC8-EC94-4390-A302-654E3B7F0EE5}.Release|x86.ActiveCfg = Release|Win32
		{EFC61CC8-EC94-4390-A302-654E3B7F0EE5}.Release|x86.Build.0 = Release|Win32
	EndGlobalSection
	GlobalSection(SolutionProperties) = preSolution
		HideSolutionNode = FALSE
	EndGlobalSection
	GlobalSection(ExtensibilityGlobals) = postSolution
		SolutionGuid = {C1C875B8-1594-4EB8-93C2-45D1C401D3B6}
	EndGlobalSection
EndGlobal
